// !$*UTF8*$!
{
	archiveVersion = 1;
	classes = {
	};
	objectVersion = 56;
	objects = {

/* Begin PBXBuildFile section */
		9FC7DFE72AD43F2700CCD70D /* WidgetExploreApp.swift in Sources */ = {isa = PBXBuildFile; fileRef = 9FC7DFE62AD43F2700CCD70D /* WidgetExploreApp.swift */; };
		9FC7DFE92AD43F2700CCD70D /* ContentView.swift in Sources */ = {isa = PBXBuildFile; fileRef = 9FC7DFE82AD43F2700CCD70D /* ContentView.swift */; };
		9FC7DFEB2AD43F2800CCD70D /* Assets.xcassets in Resources */ = {isa = PBXBuildFile; fileRef = 9FC7DFEA2AD43F2800CCD70D /* Assets.xcassets */; };
		9FC7DFEE2AD43F2800CCD70D /* Preview Assets.xcassets in Resources */ = {isa = PBXBuildFile; fileRef = 9FC7DFED2AD43F2800CCD70D /* Preview Assets.xcassets */; };
		9FC7DFFB2AD440D100CCD70D /* WidgetKit.framework in Frameworks */ = {isa = PBXBuildFile; fileRef = 9FC7DFFA2AD440D100CCD70D /* WidgetKit.framework */; };
		9FC7DFFD2AD440D100CCD70D /* SwiftUI.framework in Frameworks */ = {isa = PBXBuildFile; fileRef = 9FC7DFFC2AD440D100CCD70D /* SwiftUI.framework */; };
		9FC7E0002AD440D100CCD70D /* WidgetInsightsBundle.swift in Sources */ = {isa = PBXBuildFile; fileRef = 9FC7DFFF2AD440D100CCD70D /* WidgetInsightsBundle.swift */; };
		9FC7E0022AD440D100CCD70D /* WidgetInsights.swift in Sources */ = {isa = PBXBuildFile; fileRef = 9FC7E0012AD440D100CCD70D /* WidgetInsights.swift */; };
		9FC7E0042AD440D300CCD70D /* Assets.xcassets in Resources */ = {isa = PBXBuildFile; fileRef = 9FC7E0032AD440D300CCD70D /* Assets.xcassets */; };
		9FC7E0082AD440D300CCD70D /* WidgetInsightsExtension.appex in Embed Foundation Extensions */ = {isa = PBXBuildFile; fileRef = 9FC7DFF82AD440D100CCD70D /* WidgetInsightsExtension.appex */; settings = {ATTRIBUTES = (RemoveHeadersOnCopy, ); }; };
/* End PBXBuildFile section */

/* Begin PBXContainerItemProxy section */
		9FC7E0062AD440D300CCD70D /* PBXContainerItemProxy */ = {
			isa = PBXContainerItemProxy;
			containerPortal = 9FC7DFDB2AD43F2700CCD70D /* Project object */;
			proxyType = 1;
			remoteGlobalIDString = 9FC7DFF72AD440D100CCD70D;
			remoteInfo = WidgetInsightsExtension;
		};
/* End PBXContainerItemProxy section */

/* Begin PBXCopyFilesBuildPhase section */
		9FC7E00C2AD440D300CCD70D /* Embed Foundation Extensions */ = {
			isa = PBXCopyFilesBuildPhase;
			buildActionMask = 2147483647;
			dstPath = "";
			dstSubfolderSpec = 13;
			files = (
				9FC7E0082AD440D300CCD70D /* WidgetInsightsExtension.appex in Embed Foundation Extensions */,
			);
			name = "Embed Foundation Extensions";
			runOnlyForDeploymentPostprocessing = 0;
		};
/* End PBXCopyFilesBuildPhase section */

/* Begin PBXFileReference section */
		9FC7DFE32AD43F2700CCD70D /* WidgetExplore.app */ = {isa = PBXFileReference; explicitFileType = wrapper.application; includeInIndex = 0; path = WidgetExplore.app; sourceTree = BUILT_PRODUCTS_DIR; };
		9FC7DFE62AD43F2700CCD70D /* WidgetExploreApp.swift */ = {isa = PBXFileReference; lastKnownFileType = sourcecode.swift; path = WidgetExploreApp.swift; sourceTree = "<group>"; };
		9FC7DFE82AD43F2700CCD70D /* ContentView.swift */ = {isa = PBXFileReference; lastKnownFileType = sourcecode.swift; path = ContentView.swift; sourceTree = "<group>"; };
		9FC7DFEA2AD43F2800CCD70D /* Assets.xcassets */ = {isa = PBXFileReference; lastKnownFileType = folder.assetcatalog; path = Assets.xcassets; sourceTree = "<group>"; };
		9FC7DFED2AD43F2800CCD70D /* Preview Assets.xcassets */ = {isa = PBXFileReference; lastKnownFileType = folder.assetcatalog; path = "Preview Assets.xcassets"; sourceTree = "<group>"; };
		9FC7DFF82AD440D100CCD70D /* WidgetInsightsExtension.appex */ = {isa = PBXFileReference; explicitFileType = "wrapper.app-extension"; includeInIndex = 0; path = WidgetInsightsExtension.appex; sourceTree = BUILT_PRODUCTS_DIR; };
		9FC7DFFA2AD440D100CCD70D /* WidgetKit.framework */ = {isa = PBXFileReference; lastKnownFileType = wrapper.framework; name = WidgetKit.framework; path = System/Library/Frameworks/WidgetKit.framework; sourceTree = SDKROOT; };
		9FC7DFFC2AD440D100CCD70D /* SwiftUI.framework */ = {isa = PBXFileReference; lastKnownFileType = wrapper.framework; name = SwiftUI.framework; path = System/Library/Frameworks/SwiftUI.framework; sourceTree = SDKROOT; };
		9FC7DFFF2AD440D100CCD70D /* WidgetInsightsBundle.swift */ = {isa = PBXFileReference; lastKnownFileType = sourcecode.swift; path = WidgetInsightsBundle.swift; sourceTree = "<group>"; };
		9FC7E0012AD440D100CCD70D /* WidgetInsights.swift */ = {isa = PBXFileReference; lastKnownFileType = sourcecode.swift; path = WidgetInsights.swift; sourceTree = "<group>"; };
		9FC7E0032AD440D300CCD70D /* Assets.xcassets */ = {isa = PBXFileReference; lastKnownFileType = folder.assetcatalog; path = Assets.xcassets; sourceTree = "<group>"; };
		9FC7E0052AD440D300CCD70D /* Info.plist */ = {isa = PBXFileReference; lastKnownFileType = text.plist.xml; path = Info.plist; sourceTree = "<group>"; };
/* End PBXFileReference section */

/* Begin PBXFrameworksBuildPhase section */
		9FC7DFE02AD43F2700CCD70D /* Frameworks */ = {
			isa = PBXFrameworksBuildPhase;
			buildActionMask = 2147483647;
			files = (
			);
			runOnlyForDeploymentPostprocessing = 0;
		};
		9FC7DFF52AD440D100CCD70D /* Frameworks */ = {
			isa = PBXFrameworksBuildPhase;
			buildActionMask = 2147483647;
			files = (
				9FC7DFFD2AD440D100CCD70D /* SwiftUI.framework in Frameworks */,
				9FC7DFFB2AD440D100CCD70D /* WidgetKit.framework in Frameworks */,
			);
			runOnlyForDeploymentPostprocessing = 0;
		};
/* End PBXFrameworksBuildPhase section */

/* Begin PBXGroup section */
		9FC7DFDA2AD43F2700CCD70D = {
			isa = PBXGroup;
			children = (
				9FC7DFE52AD43F2700CCD70D /* WidgetExplore */,
				9FC7DFFE2AD440D100CCD70D /* WidgetInsights */,
				9FC7DFF92AD440D100CCD70D /* Frameworks */,
				9FC7DFE42AD43F2700CCD70D /* Products */,
			);
			sourceTree = "<group>";
		};
		9FC7DFE42AD43F2700CCD70D /* Products */ = {
			isa = PBXGroup;
			children = (
				9FC7DFE32AD43F2700CCD70D /* WidgetExplore.app */,
				9FC7DFF82AD440D100CCD70D /* WidgetInsightsExtension.appex */,
			);
			name = Products;
			sourceTree = "<group>";
		};
		9FC7DFE52AD43F2700CCD70D /* WidgetExplore */ = {
			isa = PBXGroup;
			children = (
				9FC7DFE62AD43F2700CCD70D /* WidgetExploreApp.swift */,
				9FC7DFE82AD43F2700CCD70D /* ContentView.swift */,
				9FC7DFEA2AD43F2800CCD70D /* Assets.xcassets */,
				9FC7DFEC2AD43F2800CCD70D /* Preview Content */,
			);
			path = WidgetExplore;
			sourceTree = "<group>";
		};
		9FC7DFEC2AD43F2800CCD70D /* Preview Content */ = {
			isa = PBXGroup;
			children = (
				9FC7DFED2AD43F2800CCD70D /* Preview Assets.xcassets */,
			);
			path = "Preview Content";
			sourceTree = "<group>";
		};
		9FC7DFF92AD440D100CCD70D /* Frameworks */ = {
			isa = PBXGroup;
			children = (
				9FC7DFFA2AD440D100CCD70D /* WidgetKit.framework */,
				9FC7DFFC2AD440D100CCD70D /* SwiftUI.framework */,
			);
			name = Frameworks;
			sourceTree = "<group>";
		};
		9FC7DFFE2AD440D100CCD70D /* WidgetInsights */ = {
			isa = PBXGroup;
			children = (
				9FC7DFFF2AD440D100CCD70D /* WidgetInsightsBundle.swift */,
				9FC7E0012AD440D100CCD70D /* WidgetInsights.swift */,
				9FC7E0032AD440D300CCD70D /* Assets.xcassets */,
				9FC7E0052AD440D300CCD70D /* Info.plist */,
			);
			path = WidgetInsights;
			sourceTree = "<group>";
		};
/* End PBXGroup section */

/* Begin PBXNativeTarget section */
		9FC7DFE22AD43F2700CCD70D /* WidgetExplore */ = {
			isa = PBXNativeTarget;
			buildConfigurationList = 9FC7DFF12AD43F2800CCD70D /* Build configuration list for PBXNativeTarget "WidgetExplore" */;
			buildPhases = (
				9FC7DFDF2AD43F2700CCD70D /* Sources */,
				9FC7DFE02AD43F2700CCD70D /* Frameworks */,
				9FC7DFE12AD43F2700CCD70D /* Resources */,
				9FC7E00C2AD440D300CCD70D /* Embed Foundation Extensions */,
			);
			buildRules = (
			);
			dependencies = (
				9FC7E0072AD440D300CCD70D /* PBXTargetDependency */,
			);
			name = WidgetExplore;
			productName = WidgetExplore;
			productReference = 9FC7DFE32AD43F2700CCD70D /* WidgetExplore.app */;
			productType = "com.apple.product-type.application";
		};
		9FC7DFF72AD440D100CCD70D /* WidgetInsightsExtension */ = {
			isa = PBXNativeTarget;
			buildConfigurationList = 9FC7E0092AD440D300CCD70D /* Build configuration list for PBXNativeTarget "WidgetInsightsExtension" */;
			buildPhases = (
				9FC7DFF42AD440D100CCD70D /* Sources */,
				9FC7DFF52AD440D100CCD70D /* Frameworks */,
				9FC7DFF62AD440D100CCD70D /* Resources */,
			);
			buildRules = (
			);
			dependencies = (
			);
			name = WidgetInsightsExtension;
			productName = WidgetInsightsExtension;
			productReference = 9FC7DFF82AD440D100CCD70D /* WidgetInsightsExtension.appex */;
			productType = "com.apple.product-type.app-extension";
		};
/* End PBXNativeTarget section */

/* Begin PBXProject section */
		9FC7DFDB2AD43F2700CCD70D /* Project object */ = {
			isa = PBXProject;
			attributes = {
				BuildIndependentTargetsInParallel = 1;
				LastSwiftUpdateCheck = 1500;
				LastUpgradeCheck = 1500;
				TargetAttributes = {
					9FC7DFE22AD43F2700CCD70D = {
						CreatedOnToolsVersion = 15.0;
					};
					9FC7DFF72AD440D100CCD70D = {
						CreatedOnToolsVersion = 15.0;
					};
				};
			};
			buildConfigurationList = 9FC7DFDE2AD43F2700CCD70D /* Build configuration list for PBXProject "WidgetExplore" */;
			compatibilityVersion = "Xcode 14.0";
			developmentRegion = en;
			hasScannedForEncodings = 0;
			knownRegions = (
				en,
				Base,
			);
			mainGroup = 9FC7DFDA2AD43F2700CCD70D;
			productRefGroup = 9FC7DFE42AD43F2700CCD70D /* Products */;
			projectDirPath = "";
			projectRoot = "";
			targets = (
				9FC7DFE22AD43F2700CCD70D /* WidgetExplore */,
				9FC7DFF72AD440D100CCD70D /* WidgetInsightsExtension */,
			);
		};
/* End PBXProject section */

/* Begin PBXResourcesBuildPhase section */
		9FC7DFE12AD43F2700CCD70D /* Resources */ = {
			isa = PBXResourcesBuildPhase;
			buildActionMask = 2147483647;
			files = (
				9FC7DFEE2AD43F2800CCD70D /* Preview Assets.xcassets in Resources */,
				9FC7DFEB2AD43F2800CCD70D /* Assets.xcassets in Resources */,
			);
			runOnlyForDeploymentPostprocessing = 0;
		};
		9FC7DFF62AD440D100CCD70D /* Resources */ = {
			isa = PBXResourcesBuildPhase;
			buildActionMask = 2147483647;
			files = (
				9FC7E0042AD440D300CCD70D /* Assets.xcassets in Resources */,
			);
			runOnlyForDeploymentPostprocessing = 0;
		};
/* End PBXResourcesBuildPhase section */

/* Begin PBXSourcesBuildPhase section */
		9FC7DFDF2AD43F2700CCD70D /* Sources */ = {
			isa = PBXSourcesBuildPhase;
			buildActionMask = 2147483647;
			files = (
				9FC7DFE92AD43F2700CCD70D /* ContentView.swift in Sources */,
				9FC7DFE72AD43F2700CCD70D /* WidgetExploreApp.swift in Sources */,
			);
			runOnlyForDeploymentPostprocessing = 0;
		};
		9FC7DFF42AD440D100CCD70D /* Sources */ = {
			isa = PBXSourcesBuildPhase;
			buildActionMask = 2147483647;
			files = (
				9FC7E0022AD440D100CCD70D /* WidgetInsights.swift in Sources */,
				9FC7E0002AD440D100CCD70D /* WidgetInsightsBundle.swift in Sources */,
			);
			runOnlyForDeploymentPostprocessing = 0;
		};
/* End PBXSourcesBuildPhase section */

/* Begin PBXTargetDependency section */
		9FC7E0072AD440D300CCD70D /* PBXTargetDependency */ = {
			isa = PBXTargetDependency;
			target = 9FC7DFF72AD440D100CCD70D /* WidgetInsightsExtension */;
			targetProxy = 9FC7E0062AD440D300CCD70D /* PBXContainerItemProxy */;
		};
/* End PBXTargetDependency section */

/* Begin XCBuildConfiguration section */
		9FC7DFEF2AD43F2800CCD70D /* Debug */ = {
			isa = XCBuildConfiguration;
			buildSettings = {
				ALWAYS_SEARCH_USER_PATHS = NO;
				ASSETCATALOG_COMPILER_GENERATE_SWIFT_ASSET_SYMBOL_EXTENSIONS = YES;
				CLANG_ANALYZER_NONNULL = YES;
				CLANG_ANALYZER_NUMBER_OBJECT_CONVERSION = YES_AGGRESSIVE;
				CLANG_CXX_LANGUAGE_STANDARD = "gnu++20";
				CLANG_ENABLE_MODULES = YES;
				CLANG_ENABLE_OBJC_ARC = YES;
				CLANG_ENABLE_OBJC_WEAK = YES;
				CLANG_WARN_BLOCK_CAPTURE_AUTORELEASING = YES;
				CLANG_WARN_BOOL_CONVERSION = YES;
				CLANG_WARN_COMMA = YES;
				CLANG_WARN_CONSTANT_CONVERSION = YES;
				CLANG_WARN_DEPRECATED_OBJC_IMPLEMENTATIONS = YES;
				CLANG_WARN_DIRECT_OBJC_ISA_USAGE = YES_ERROR;
				CLANG_WARN_DOCUMENTATION_COMMENTS = YES;
				CLANG_WARN_EMPTY_BODY = YES;
				CLANG_WARN_ENUM_CONVERSION = YES;
				CLANG_WARN_INFINITE_RECURSION = YES;
				CLANG_WARN_INT_CONVERSION = YES;
				CLANG_WARN_NON_LITERAL_NULL_CONVERSION = YES;
				CLANG_WARN_OBJC_IMPLICIT_RETAIN_SELF = YES;
				CLANG_WARN_OBJC_LITERAL_CONVERSION = YES;
				CLANG_WARN_OBJC_ROOT_CLASS = YES_ERROR;
				CLANG_WARN_QUOTED_INCLUDE_IN_FRAMEWORK_HEADER = YES;
				CLANG_WARN_RANGE_LOOP_ANALYSIS = YES;
				CLANG_WARN_STRICT_PROTOTYPES = YES;
				CLANG_WARN_SUSPICIOUS_MOVE = YES;
				CLANG_WARN_UNGUARDED_AVAILABILITY = YES_AGGRESSIVE;
				CLANG_WARN_UNREACHABLE_CODE = YES;
				CLANG_WARN__DUPLICATE_METHOD_MATCH = YES;
				COPY_PHASE_STRIP = NO;
				DEBUG_INFORMATION_FORMAT = dwarf;
				ENABLE_STRICT_OBJC_MSGSEND = YES;
				ENABLE_TESTABILITY = YES;
				ENABLE_USER_SCRIPT_SANDBOXING = YES;
				GCC_C_LANGUAGE_STANDARD = gnu17;
				GCC_DYNAMIC_NO_PIC = NO;
				GCC_NO_COMMON_BLOCKS = YES;
				GCC_OPTIMIZATION_LEVEL = 0;
				GCC_PREPROCESSOR_DEFINITIONS = (
					"DEBUG=1",
					"$(inherited)",
				);
				GCC_WARN_64_TO_32_BIT_CONVERSION = YES;
				GCC_WARN_ABOUT_RETURN_TYPE = YES_ERROR;
				GCC_WARN_UNDECLARED_SELECTOR = YES;
				GCC_WARN_UNINITIALIZED_AUTOS = YES_AGGRESSIVE;
				GCC_WARN_UNUSED_FUNCTION = YES;
				GCC_WARN_UNUSED_VARIABLE = YES;
				IPHONEOS_DEPLOYMENT_TARGET = 17.0;
				LOCALIZATION_PREFERS_STRING_CATALOGS = YES;
				MTL_ENABLE_DEBUG_INFO = INCLUDE_SOURCE;
				MTL_FAST_MATH = YES;
				ONLY_ACTIVE_ARCH = YES;
				SDKROOT = iphoneos;
				SWIFT_ACTIVE_COMPILATION_CONDITIONS = "DEBUG $(inherited)";
				SWIFT_OPTIMIZATION_LEVEL = "-Onone";
			};
			name = Debug;
		};
		9FC7DFF02AD43F2800CCD70D /* Release */ = {
			isa = XCBuildConfiguration;
			buildSettings = {
				ALWAYS_SEARCH_USER_PATHS = NO;
				ASSETCATALOG_COMPILER_GENERATE_SWIFT_ASSET_SYMBOL_EXTENSIONS = YES;
				CLANG_ANALYZER_NONNULL = YES;
				CLANG_ANALYZER_NUMBER_OBJECT_CONVERSION = YES_AGGRESSIVE;
				CLANG_CXX_LANGUAGE_STANDARD = "gnu++20";
				CLANG_ENABLE_MODULES = YES;
				CLANG_ENABLE_OBJC_ARC = YES;
				CLANG_ENABLE_OBJC_WEAK = YES;
				CLANG_WARN_BLOCK_CAPTURE_AUTORELEASING = YES;
				CLANG_WARN_BOOL_CONVERSION = YES;
				CLANG_WARN_COMMA = YES;
				CLANG_WARN_CONSTANT_CONVERSION = YES;
				CLANG_WARN_DEPRECATED_OBJC_IMPLEMENTATIONS = YES;
				CLANG_WARN_DIRECT_OBJC_ISA_USAGE = YES_ERROR;
				CLANG_WARN_DOCUMENTATION_COMMENTS = YES;
				CLANG_WARN_EMPTY_BODY = YES;
				CLANG_WARN_ENUM_CONVERSION = YES;
				CLANG_WARN_INFINITE_RECURSION = YES;
				CLANG_WARN_INT_CONVERSION = YES;
				CLANG_WARN_NON_LITERAL_NULL_CONVERSION = YES;
				CLANG_WARN_OBJC_IMPLICIT_RETAIN_SELF = YES;
				CLANG_WARN_OBJC_LITERAL_CONVERSION = YES;
				CLANG_WARN_OBJC_ROOT_CLASS = YES_ERROR;
				CLANG_WARN_QUOTED_INCLUDE_IN_FRAMEWORK_HEADER = YES;
				CLANG_WARN_RANGE_LOOP_ANALYSIS = YES;
				CLANG_WARN_STRICT_PROTOTYPES = YES;
				CLANG_WARN_SUSPICIOUS_MOVE = YES;
				CLANG_WARN_UNGUARDED_AVAILABILITY = YES_AGGRESSIVE;
				CLANG_WARN_UNREACHABLE_CODE = YES;
				CLANG_WARN__DUPLICATE_METHOD_MATCH = YES;
				COPY_PHASE_STRIP = NO;
				DEBUG_INFORMATION_FORMAT = "dwarf-with-dsym";
				ENABLE_NS_ASSERTIONS = NO;
				ENABLE_STRICT_OBJC_MSGSEND = YES;
				ENABLE_USER_SCRIPT_SANDBOXING = YES;
				GCC_C_LANGUAGE_STANDARD = gnu17;
				GCC_NO_COMMON_BLOCKS = YES;
				GCC_WARN_64_TO_32_BIT_CONVERSION = YES;
				GCC_WARN_ABOUT_RETURN_TYPE = YES_ERROR;
				GCC_WARN_UNDECLARED_SELECTOR = YES;
				GCC_WARN_UNINITIALIZED_AUTOS = YES_AGGRESSIVE;
				GCC_WARN_UNUSED_FUNCTION = YES;
				GCC_WARN_UNUSED_VARIABLE = YES;
				IPHONEOS_DEPLOYMENT_TARGET = 17.0;
				LOCALIZATION_PREFERS_STRING_CATALOGS = YES;
				MTL_ENABLE_DEBUG_INFO = NO;
				MTL_FAST_MATH = YES;
				SDKROOT = iphoneos;
				SWIFT_COMPILATION_MODE = wholemodule;
				VALIDATE_PRODUCT = YES;
			};
			name = Release;
		};
		9FC7DFF22AD43F2800CCD70D /* Debug */ = {
			isa = XCBuildConfiguration;
			buildSettings = {
				ALWAYS_EMBED_SWIFT_STANDARD_LIBRARIES = YES;
				ASSETCATALOG_COMPILER_APPICON_NAME = AppIcon;
				ASSETCATALOG_COMPILER_GLOBAL_ACCENT_COLOR_NAME = AccentColor;
				CODE_SIGN_STYLE = Automatic;
				CURRENT_PROJECT_VERSION = 1;
				DEVELOPMENT_ASSET_PATHS = "\"WidgetExplore/Preview Content\"";
				DEVELOPMENT_TEAM = CLCZFAVBGV;
				ENABLE_PREVIEWS = YES;
				GENERATE_INFOPLIST_FILE = YES;
				INFOPLIST_KEY_UIApplicationSceneManifest_Generation = YES;
				INFOPLIST_KEY_UIApplicationSupportsIndirectInputEvents = YES;
				INFOPLIST_KEY_UILaunchScreen_Generation = YES;
				INFOPLIST_KEY_UISupportedInterfaceOrientations_iPad = "UIInterfaceOrientationPortrait UIInterfaceOrientationPortraitUpsideDown UIInterfaceOrientationLandscapeLeft UIInterfaceOrientationLandscapeRight";
				INFOPLIST_KEY_UISupportedInterfaceOrientations_iPhone = "UIInterfaceOrientationPortrait UIInterfaceOrientationLandscapeLeft UIInterfaceOrientationLandscapeRight";
				LD_RUNPATH_SEARCH_PATHS = (
					"$(inherited)",
					"@executable_path/Frameworks",
				);
				MARKETING_VERSION = 1.0;
				PRODUCT_BUNDLE_IDENTIFIER = io.justpixel.WidgetExplore;
				PRODUCT_NAME = "$(TARGET_NAME)";
				SWIFT_EMIT_LOC_STRINGS = YES;
				SWIFT_VERSION = 5.0;
				TARGETED_DEVICE_FAMILY = "1,2";
			};
			name = Debug;
		};
		9FC7DFF32AD43F2800CCD70D /* Release */ = {
			isa = XCBuildConfiguration;
			buildSettings = {
				ALWAYS_EMBED_SWIFT_STANDARD_LIBRARIES = YES;
				ASSETCATALOG_COMPILER_APPICON_NAME = AppIcon;
				ASSETCATALOG_COMPILER_GLOBAL_ACCENT_COLOR_NAME = AccentColor;
				CODE_SIGN_STYLE = Automatic;
				CURRENT_PROJECT_VERSION = 1;
				DEVELOPMENT_ASSET_PATHS = "\"WidgetExplore/Preview Content\"";
				DEVELOPMENT_TEAM = CLCZFAVBGV;
				ENABLE_PREVIEWS = YES;
				GENERATE_INFOPLIST_FILE = YES;
				INFOPLIST_KEY_UIApplicationSceneManifest_Generation = YES;
				INFOPLIST_KEY_UIApplicationSupportsIndirectInputEvents = YES;
				INFOPLIST_KEY_UILaunchScreen_Generation = YES;
				INFOPLIST_KEY_UISupportedInterfaceOrientations_iPad = "UIInterfaceOrientationPortrait UIInterfaceOrientationPortraitUpsideDown UIInterfaceOrientationLandscapeLeft UIInterfaceOrientationLandscapeRight";
				INFOPLIST_KEY_UISupportedInterfaceOrientations_iPhone = "UIInterfaceOrientationPortrait UIInterfaceOrientationLandscapeLeft UIInterfaceOrientationLandscapeRight";
				LD_RUNPATH_SEARCH_PATHS = (
					"$(inherited)",
					"@executable_path/Frameworks",
				);
				MARKETING_VERSION = 1.0;
				PRODUCT_BUNDLE_IDENTIFIER = io.justpixel.WidgetExplore;
				PRODUCT_NAME = "$(TARGET_NAME)";
				SWIFT_EMIT_LOC_STRINGS = YES;
				SWIFT_VERSION = 5.0;
				TARGETED_DEVICE_FAMILY = "1,2";
			};
			name = Release;
		};
		9FC7E00A2AD440D300CCD70D /* Debug */ = {
			isa = XCBuildConfiguration;
			buildSettings = {
				ASSETCATALOG_COMPILER_GLOBAL_ACCENT_COLOR_NAME = AccentColor;
				ASSETCATALOG_COMPILER_WIDGET_BACKGROUND_COLOR_NAME = WidgetBackground;
				CODE_SIGN_STYLE = Automatic;
				CURRENT_PROJECT_VERSION = 1;
				DEVELOPMENT_TEAM = CLCZFAVBGV;
				GENERATE_INFOPLIST_FILE = YES;
				INFOPLIST_FILE = WidgetInsights/Info.plist;
				INFOPLIST_KEY_CFBundleDisplayName = WidgetInsights;
				INFOPLIST_KEY_NSHumanReadableCopyright = "";
				LD_RUNPATH_SEARCH_PATHS = (
					"$(inherited)",
					"@executable_path/Frameworks",
					"@executable_path/../../Frameworks",
				);
				MARKETING_VERSION = 1.0;
				PRODUCT_BUNDLE_IDENTIFIER = io.justpixel.WidgetExplore.WidgetInsights;
				PRODUCT_NAME = "$(TARGET_NAME)";
				SKIP_INSTALL = YES;
				SWIFT_EMIT_LOC_STRINGS = YES;
				SWIFT_VERSION = 5.0;
				TARGETED_DEVICE_FAMILY = "1,2";
			};
			name = Debug;
		};
		9FC7E00B2AD440D300CCD70D /* Release */ = {
			isa = XCBuildConfiguration;
			buildSettings = {
				ASSETCATALOG_COMPILER_GLOBAL_ACCENT_COLOR_NAME = AccentColor;
				ASSETCATALOG_COMPILER_WIDGET_BACKGROUND_COLOR_NAME = WidgetBackground;
				CODE_SIGN_STYLE = Automatic;
				CURRENT_PROJECT_VERSION = 1;
				DEVELOPMENT_TEAM = CLCZFAVBGV;
				GENERATE_INFOPLIST_FILE = YES;
				INFOPLIST_FILE = WidgetInsights/Info.plist;
				INFOPLIST_KEY_CFBundleDisplayName = WidgetInsights;
				INFOPLIST_KEY_NSHumanReadableCopyright = "";
				LD_RUNPATH_SEARCH_PATHS = (
					"$(inherited)",
					"@executable_path/Frameworks",
					"@executable_path/../../Frameworks",
				);
				MARKETING_VERSION = 1.0;
				PRODUCT_BUNDLE_IDENTIFIER = io.justpixel.WidgetExplore.WidgetInsights;
				PRODUCT_NAME = "$(TARGET_NAME)";
				SKIP_INSTALL = YES;
				SWIFT_EMIT_LOC_STRINGS = YES;
				SWIFT_VERSION = 5.0;
				TARGETED_DEVICE_FAMILY = "1,2";
			};
			name = Release;
		};
/* End XCBuildConfiguration section */

/* Begin XCConfigurationList section */
		9FC7DFDE2AD43F2700CCD70D /* Build configuration list for PBXProject "WidgetExplore" */ = {
			isa = XCConfigurationList;
			buildConfigurations = (
				9FC7DFEF2AD43F2800CCD70D /* Debug */,
				9FC7DFF02AD43F2800CCD70D /* Release */,
			);
			defaultConfigurationIsVisible = 0;
			defaultConfigurationName = Release;
		};
		9FC7DFF12AD43F2800CCD70D /* Build configuration list for PBXNativeTarget "WidgetExplore" */ = {
			isa = XCConfigurationList;
			buildConfigurations = (
				9FC7DFF22AD43F2800CCD70D /* Debug */,
				9FC7DFF32AD43F2800CCD70D /* Release */,
			);
			defaultConfigurationIsVisible = 0;
			defaultConfigurationName = Release;
		};
		9FC7E0092AD440D300CCD70D /* Build configuration list for PBXNativeTarget "WidgetInsightsExtension" */ = {
			isa = XCConfigurationList;
			buildConfigurations = (
				9FC7E00A2AD440D300CCD70D /* Debug */,
				9FC7E00B2AD440D300CCD70D /* Release */,
			);
			defaultConfigurationIsVisible = 0;
			defaultConfigurationName = Release;
		};
/* End XCConfigurationList section */
	};
	rootObject = 9FC7DFDB2AD43F2700CCD70D /* Project object */;
}
